
Microsoft Visual Studio Solution File, Format Version 12.00
# Visual Studio Version 17
VisualStudioVersion = 17.6.33801.468
MinimumVisualStudioVersion = 10.0.40219.1
Project("{FAE04EC0-301F-11D3-BF4B-00C04F79EFBC}") = "solvex-interview-api", "solvex-interview-api.csproj", "{4D45CA6A-3E33-45D0-9F97-94009B2CAF6D}"
EndProject
Project("{FAE04EC0-301F-11D3-BF4B-00C04F79EFBC}") = "Entities", "..\Entities\Entities.csproj", "{182AF3F2-6416-4E61-9543-04E2BE250F74}"
EndProject
Project("{FAE04EC0-301F-11D3-BF4B-00C04F79EFBC}") = "BusinessLogic", "..\BusinessLogic\BusinessLogic.csproj", "{424D6586-779A-4667-AAED-5B7535ACF03E}"
EndProject
Project("{FAE04EC0-301F-11D3-BF4B-00C04F79EFBC}") = "DataAccess", "..\DataAccess\DataAccess.csproj", "{2E360D91-CDFD-44C5-AC5D-468FFBDA202A}"
EndProject
Global
	GlobalSection(SolutionConfigurationPlatforms) = preSolution
		Debug|Any CPU = Debug|Any CPU
		Release|Any CPU = Release|Any CPU
	EndGlobalSection
	GlobalSection(ProjectConfigurationPlatforms) = postSolution
		{4D45CA6A-3E33-45D0-9F97-94009B2CAF6D}.Debug|Any CPU.ActiveCfg = Debug|Any CPU
		{4D45CA6A-3E33-45D0-9F97-94009B2CAF6D}.Debug|Any CPU.Build.0 = Debug|Any CPU
		{4D45CA6A-3E33-45D0-9F97-94009B2CAF6D}.Release|Any CPU.ActiveCfg = Release|Any CPU
		{4D45CA6A-3E33-45D0-9F97-94009B2CAF6D}.Release|Any CPU.Build.0 = Release|Any CPU
		{182AF3F2-6416-4E61-9543-04E2BE250F74}.Debug|Any CPU.ActiveCfg = Debug|Any CPU
		{182AF3F2-6416-4E61-9543-04E2BE250F74}.Debug|Any CPU.Build.0 = Debug|Any CPU
		{182AF3F2-6416-4E61-9543-04E2BE250F74}.Release|Any CPU.ActiveCfg = Release|Any CPU
		{182AF3F2-6416-4E61-9543-04E2BE250F74}.Release|Any CPU.Build.0 = Release|Any CPU
		{424D6586-779A-4667-AAED-5B7535ACF03E}.Debug|Any CPU.ActiveCfg = Debug|Any CPU
		{424D6586-779A-4667-AAED-5B7535ACF03E}.Debug|Any CPU.Build.0 = Debug|Any CPU
		{424D6586-779A-4667-AAED-5B7535ACF03E}.Release|Any CPU.ActiveCfg = Release|Any CPU
		{424D6586-779A-4667-AAED-5B7535ACF03E}.Release|Any CPU.Build.0 = Release|Any CPU
		{2E360D91-CDFD-44C5-AC5D-468FFBDA202A}.Debug|Any CPU.ActiveCfg = Debug|Any CPU
		{2E360D91-CDFD-44C5-AC5D-468FFBDA202A}.Debug|Any CPU.Build.0 = Debug|Any CPU
		{2E360D91-CDFD-44C5-AC5D-468FFBDA202A}.Release|Any CPU.ActiveCfg = Release|Any CPU
		{2E360D91-CDFD-44C5-AC5D-468FFBDA202A}.Release|Any CPU.Build.0 = Release|Any CPU
	EndGlobalSection
	GlobalSection(SolutionProperties) = preSolution
		HideSolutionNode = FALSE
	EndGlobalSection
	GlobalSection(ExtensibilityGlobals) = postSolution
		SolutionGuid = {CB294E0A-BC31-484E-984C-F0CC1D6D01C5}
	EndGlobalSection
EndGlobal
